
Microsoft Visual Studio Solution File, Format Version 12.00
# Visual Studio Version 16
VisualStudioVersion = 16.0.31624.102
MinimumVisualStudioVersion = 10.0.40219.1
Project("{FAE04EC0-301F-11D3-BF4B-00C04F79EFBC}") = "BT4.3", "E:\BT4.3\BT4.3.csproj", "{4117BAB6-081E-42A1-AA48-7D865C4F678F}"
EndProject
Global
	GlobalSection(SolutionConfigurationPlatforms) = preSolution
		Debug|Any CPU = Debug|Any CPU
		Release|Any CPU = Release|Any CPU
	EndGlobalSection
	GlobalSection(ProjectConfigurationPlatforms) = postSolution
		{4117BAB6-081E-42A1-AA48-7D865C4F678F}.Debug|Any CPU.ActiveCfg = Debug|Any CPU
		{4117BAB6-081E-42A1-AA48-7D865C4F678F}.Debug|Any CPU.Build.0 = Debug|Any CPU
		{4117BAB6-081E-42A1-AA48-7D865C4F678F}.Release|Any CPU.ActiveCfg = Release|Any CPU
		{4117BAB6-081E-42A1-AA48-7D865C4F678F}.Release|Any CPU.Build.0 = Release|Any CPU
	EndGlobalSection
	GlobalSection(SolutionProperties) = preSolution
		HideSolutionNode = FALSE
	EndGlobalSection
	GlobalSection(ExtensibilityGlobals) = postSolution
		SolutionGuid = {FE2B0B96-F570-49BA-AE81-6A2EAF6343D0}
	EndGlobalSection
EndGlobal
