
Microsoft Visual Studio Solution File, Format Version 12.00
# Visual Studio Version 16
VisualStudioVersion = 16.0.31624.102
MinimumVisualStudioVersion = 10.0.40219.1
Project("{9A19103F-16F7-4668-BE54-9A1E7A4F7556}") = "Lab01", "Lab01.csproj", "{1D183422-04EE-40BC-A8B2-0D57C0DE015F}"
EndProject
Project("{FAE04EC0-301F-11D3-BF4B-00C04F79EFBC}") = "Lab01_02", "..\Lab01-02\Lab01_02.csproj", "{94D4D7F0-9D7E-4AFB-92DD-E3CF71A592F3}"
EndProject
Project("{FAE04EC0-301F-11D3-BF4B-00C04F79EFBC}") = "Lab01_04", "..\Lab01_04\Lab01_04.csproj", "{12C86268-1DC1-4D7C-96A4-FE0EB4115ADA}"
EndProject
Global
	GlobalSection(SolutionConfigurationPlatforms) = preSolution
		Debug|Any CPU = Debug|Any CPU
		Release|Any CPU = Release|Any CPU
	EndGlobalSection
	GlobalSection(ProjectConfigurationPlatforms) = postSolution
		{1D183422-04EE-40BC-A8B2-0D57C0DE015F}.Debug|Any CPU.ActiveCfg = Debug|Any CPU
		{1D183422-04EE-40BC-A8B2-0D57C0DE015F}.Debug|Any CPU.Build.0 = Debug|Any CPU
		{1D183422-04EE-40BC-A8B2-0D57C0DE015F}.Release|Any CPU.ActiveCfg = Release|Any CPU
		{1D183422-04EE-40BC-A8B2-0D57C0DE015F}.Release|Any CPU.Build.0 = Release|Any CPU
		{94D4D7F0-9D7E-4AFB-92DD-E3CF71A592F3}.Debug|Any CPU.ActiveCfg = Debug|Any CPU
		{94D4D7F0-9D7E-4AFB-92DD-E3CF71A592F3}.Debug|Any CPU.Build.0 = Debug|Any CPU
		{94D4D7F0-9D7E-4AFB-92DD-E3CF71A592F3}.Release|Any CPU.ActiveCfg = Release|Any CPU
		{94D4D7F0-9D7E-4AFB-92DD-E3CF71A592F3}.Release|Any CPU.Build.0 = Release|Any CPU
		{12C86268-1DC1-4D7C-96A4-FE0EB4115ADA}.Debug|Any CPU.ActiveCfg = Debug|Any CPU
		{12C86268-1DC1-4D7C-96A4-FE0EB4115ADA}.Debug|Any CPU.Build.0 = Debug|Any CPU
		{12C86268-1DC1-4D7C-96A4-FE0EB4115ADA}.Release|Any CPU.ActiveCfg = Release|Any CPU
		{12C86268-1DC1-4D7C-96A4-FE0EB4115ADA}.Release|Any CPU.Build.0 = Release|Any CPU
	EndGlobalSection
	GlobalSection(SolutionProperties) = preSolution
		HideSolutionNode = FALSE
	EndGlobalSection
	GlobalSection(ExtensibilityGlobals) = postSolution
		SolutionGuid = {C2F4D8C4-03B0-42D8-8F3B-BFFE3B7E58AC}
	EndGlobalSection
EndGlobal
